
Microsoft Visual Studio Solution File, Format Version 12.00
# Visual Studio Version 17
VisualStudioVersion = 17.0.32014.148
MinimumVisualStudioVersion = 10.0.40219.1
Project("{FAE04EC0-301F-11D3-BF4B-00C04F79EFBC}") = "UnifiedCheckout", "UnifiedCheckout.csproj", "{4AEF808A-A746-4FEA-A002-FDB56F9E581A}"
EndProject
Global
	GlobalSection(SolutionConfigurationPlatforms) = preSolution
		Debug|Any CPU = Debug|Any CPU
		Release|Any CPU = Release|Any CPU
	EndGlobalSection
	GlobalSection(ProjectConfigurationPlatforms) = postSolution
		{4AEF808A-A746-4FEA-A002-FDB56F9E581A}.Debug|Any CPU.ActiveCfg = Debug|Any CPU
		{4AEF808A-A746-4FEA-A002-FDB56F9E581A}.Debug|Any CPU.Build.0 = Debug|Any CPU
		{4AEF808A-A746-4FEA-A002-FDB56F9E581A}.Release|Any CPU.ActiveCfg = Release|Any CPU
		{4AEF808A-A746-4FEA-A002-FDB56F9E581A}.Release|Any CPU.Build.0 = Release|Any CPU
	EndGlobalSection
	GlobalSection(SolutionProperties) = preSolution
		HideSolutionNode = FALSE
	EndGlobalSection
	GlobalSection(ExtensibilityGlobals) = postSolution
		SolutionGuid = {C73A5EA2-0EA9-45A6-B981-8C77680F3610}
	EndGlobalSection
EndGlobal
